{
  "originHash" : "f63c66525606b08e3e1eefe4aa2ff131aaf26c3a3d352605acfdd6f2bc9e1d38",
  "pins" : [
    {
      "identity" : "youtubekit",
      "kind" : "remoteSourceControl",
      "location" : "https://github.com/b5i/YouTubeKit/",
      "state" : {
        "branch" : "main",
        "revision" : "1f963c7c3bf7c28d06e982078cd85ef30fe1a132"
      }
    }
  ],
  "version" : 3
}
